
Microsoft Visual Studio Solution File, Format Version 12.00
# Visual Studio Version 17
VisualStudioVersion = 17.5.002.0
MinimumVisualStudioVersion = 10.0.40219.1
Project("{2150E333-8FDC-42A3-9474-1A3956D46DE8}") = "csharp-prep", "csharp-prep", "{7830014B-113E-4F63-9E3A-8C759E2F83D6}"
EndProject
Project("{9A19103F-16F7-4668-BE54-9A1E7A4F7556}") = "Prep1", "csharp-prep\Prep1\Prep1.csproj", "{1FD47AEC-E55C-4A68-9E93-61A44F1C6A70}"
EndProject
Project("{9A19103F-16F7-4668-BE54-9A1E7A4F7556}") = "Prep2", "csharp-prep\Prep2\Prep2.csproj", "{74A79E74-3B6F-4E22-821A-C8EE5E908767}"
EndProject
Project("{9A19103F-16F7-4668-BE54-9A1E7A4F7556}") = "Prep3", "csharp-prep\Prep3\Prep3.csproj", "{FF4D5C82-6D66-4060-9A82-5C26C99D0657}"
EndProject
Project("{9A19103F-16F7-4668-BE54-9A1E7A4F7556}") = "Prep4", "csharp-prep\Prep4\Prep4.csproj", "{354D01C5-261A-4A25-BC47-6C636CC42AE2}"
EndProject
Project("{9A19103F-16F7-4668-BE54-9A1E7A4F7556}") = "Prep5", "csharp-prep\Prep5\Prep5.csproj", "{78177CB4-7591-40AE-B63C-E7C9B099884C}"
EndProject
Project("{2150E333-8FDC-42A3-9474-1A3956D46DE8}") = "final", "final", "{B1FB9301-D2FC-4639-AD9A-0C1C794E829D}"
EndProject
Project("{9A19103F-16F7-4668-BE54-9A1E7A4F7556}") = "FinalProject", "final\FinalProject\FinalProject.csproj", "{8ABEBAFA-D166-4017-A620-D482A57A1596}"
EndProject
Project("{9A19103F-16F7-4668-BE54-9A1E7A4F7556}") = "Foundation1", "final\Foundation1\Foundation1.csproj", "{19EE34AC-0D3B-4CD9-9595-49AB380E6FD3}"
EndProject
Project("{9A19103F-16F7-4668-BE54-9A1E7A4F7556}") = "Foundation2", "final\Foundation2\Foundation2.csproj", "{68917BD3-13E9-4538-8029-04E356651F69}"
EndProject
Project("{9A19103F-16F7-4668-BE54-9A1E7A4F7556}") = "Foundation3", "final\Foundation3\Foundation3.csproj", "{7CF3951E-6349-4D97-8619-53EB3F51047B}"
EndProject
Project("{9A19103F-16F7-4668-BE54-9A1E7A4F7556}") = "Foundation4", "final\Foundation4\Foundation4.csproj", "{A6DCC57D-3F61-4833-B828-8AE63A926B22}"
EndProject
Project("{2150E333-8FDC-42A3-9474-1A3956D46DE8}") = "prepare", "prepare", "{15DAD244-2C43-4A05-A04B-7AA4A6115B74}"
EndProject
Project("{9A19103F-16F7-4668-BE54-9A1E7A4F7556}") = "Learning02", "prepare\Learning02\Learning02.csproj", "{DC2EAA0C-08AB-4826-94BD-06CAB24EC42F}"
EndProject
Project("{9A19103F-16F7-4668-BE54-9A1E7A4F7556}") = "Learning03", "prepare\Learning03\Learning03.csproj", "{8BBBFB28-C130-4043-A6CE-28C3B613D28A}"
EndProject
Project("{9A19103F-16F7-4668-BE54-9A1E7A4F7556}") = "Learning04", "prepare\Learning04\Learning04.csproj", "{C5309A8D-C6C0-438F-BBAC-E6EF4EBC5FC8}"
EndProject
Project("{9A19103F-16F7-4668-BE54-9A1E7A4F7556}") = "Learning05", "prepare\Learning05\Learning05.csproj", "{2BA3AEC2-A3FD-43CD-8023-E321E0F02A6B}"
EndProject
Project("{2150E333-8FDC-42A3-9474-1A3956D46DE8}") = "prove", "prove", "{AC780D23-ECA7-41EB-A4D7-7150F4116C99}"
EndProject
Project("{9A19103F-16F7-4668-BE54-9A1E7A4F7556}") = "Develop02", "prove\Develop02\Develop02.csproj", "{6804460C-91E5-4B74-8B20-9731D3D5DEE6}"
EndProject
Project("{9A19103F-16F7-4668-BE54-9A1E7A4F7556}") = "Develop03", "prove\Develop03\Develop03.csproj", "{7F586824-454F-4B3C-B828-95359763AE52}"
EndProject
Project("{9A19103F-16F7-4668-BE54-9A1E7A4F7556}") = "Develop04", "prove\Develop04\Develop04.csproj", "{EE95E8E4-A1F0-4019-8930-2E19E746D1B0}"
EndProject
Project("{9A19103F-16F7-4668-BE54-9A1E7A4F7556}") = "Develop05", "prove\Develop05\Develop05.csproj", "{0334444C-C8D5-44CB-BDE9-A300AFCC57D3}"
EndProject
Project("{2150E333-8FDC-42A3-9474-1A3956D46DE8}") = "sandbox", "sandbox", "{C6EE26A9-4248-4732-B17D-0FFC4723BEA5}"
EndProject
Project("{9A19103F-16F7-4668-BE54-9A1E7A4F7556}") = "Sandbox", "sandbox\Sandbox\Sandbox.csproj", "{45101C71-E419-4F92-B3FF-03E09E2EA902}"
EndProject
Global
	GlobalSection(SolutionConfigurationPlatforms) = preSolution
		Debug|Any CPU = Debug|Any CPU
		Release|Any CPU = Release|Any CPU
	EndGlobalSection
	GlobalSection(ProjectConfigurationPlatforms) = postSolution
		{1FD47AEC-E55C-4A68-9E93-61A44F1C6A70}.Debug|Any CPU.ActiveCfg = Debug|Any CPU
		{1FD47AEC-E55C-4A68-9E93-61A44F1C6A70}.Debug|Any CPU.Build.0 = Debug|Any CPU
		{1FD47AEC-E55C-4A68-9E93-61A44F1C6A70}.Release|Any CPU.ActiveCfg = Release|Any CPU
		{1FD47AEC-E55C-4A68-9E93-61A44F1C6A70}.Release|Any CPU.Build.0 = Release|Any CPU
		{74A79E74-3B6F-4E22-821A-C8EE5E908767}.Debug|Any CPU.ActiveCfg = Debug|Any CPU
		{74A79E74-3B6F-4E22-821A-C8EE5E908767}.Debug|Any CPU.Build.0 = Debug|Any CPU
		{74A79E74-3B6F-4E22-821A-C8EE5E908767}.Release|Any CPU.ActiveCfg = Release|Any CPU
		{74A79E74-3B6F-4E22-821A-C8EE5E908767}.Release|Any CPU.Build.0 = Release|Any CPU
		{FF4D5C82-6D66-4060-9A82-5C26C99D0657}.Debug|Any CPU.ActiveCfg = Debug|Any CPU
		{FF4D5C82-6D66-4060-9A82-5C26C99D0657}.Debug|Any CPU.Build.0 = Debug|Any CPU
		{FF4D5C82-6D66-4060-9A82-5C26C99D0657}.Release|Any CPU.ActiveCfg = Release|Any CPU
		{FF4D5C82-6D66-4060-9A82-5C26C99D0657}.Release|Any CPU.Build.0 = Release|Any CPU
		{354D01C5-261A-4A25-BC47-6C636CC42AE2}.Debug|Any CPU.ActiveCfg = Debug|Any CPU
		{354D01C5-261A-4A25-BC47-6C636CC42AE2}.Debug|Any CPU.Build.0 = Debug|Any CPU
		{354D01C5-261A-4A25-BC47-6C636CC42AE2}.Release|Any CPU.ActiveCfg = Release|Any CPU
		{354D01C5-261A-4A25-BC47-6C636CC42AE2}.Release|Any CPU.Build.0 = Release|Any CPU
		{78177CB4-7591-40AE-B63C-E7C9B099884C}.Debug|Any CPU.ActiveCfg = Debug|Any CPU
		{78177CB4-7591-40AE-B63C-E7C9B099884C}.Debug|Any CPU.Build.0 = Debug|Any CPU
		{78177CB4-7591-40AE-B63C-E7C9B099884C}.Release|Any CPU.ActiveCfg = Release|Any CPU
		{78177CB4-7591-40AE-B63C-E7C9B099884C}.Release|Any CPU.Build.0 = Release|Any CPU
		{8ABEBAFA-D166-4017-A620-D482A57A1596}.Debug|Any CPU.ActiveCfg = Debug|Any CPU
		{8ABEBAFA-D166-4017-A620-D482A57A1596}.Debug|Any CPU.Build.0 = Debug|Any CPU
		{8ABEBAFA-D166-4017-A620-D482A57A1596}.Release|Any CPU.ActiveCfg = Release|Any CPU
		{8ABEBAFA-D166-4017-A620-D482A57A1596}.Release|Any CPU.Build.0 = Release|Any CPU
		{19EE34AC-0D3B-4CD9-9595-49AB380E6FD3}.Debug|Any CPU.ActiveCfg = Debug|Any CPU
		{19EE34AC-0D3B-4CD9-9595-49AB380E6FD3}.Debug|Any CPU.Build.0 = Debug|Any CPU
		{19EE34AC-0D3B-4CD9-9595-49AB380E6FD3}.Release|Any CPU.ActiveCfg = Release|Any CPU
		{19EE34AC-0D3B-4CD9-9595-49AB380E6FD3}.Release|Any CPU.Build.0 = Release|Any CPU
		{68917BD3-13E9-4538-8029-04E356651F69}.Debug|Any CPU.ActiveCfg = Debug|Any CPU
		{68917BD3-13E9-4538-8029-04E356651F69}.Debug|Any CPU.Build.0 = Debug|Any CPU
		{68917BD3-13E9-4538-8029-04E356651F69}.Release|Any CPU.ActiveCfg = Release|Any CPU
		{68917BD3-13E9-4538-8029-04E356651F69}.Release|Any CPU.Build.0 = Release|Any CPU
		{7CF3951E-6349-4D97-8619-53EB3F51047B}.Debug|Any CPU.ActiveCfg = Debug|Any CPU
		{7CF3951E-6349-4D97-8619-53EB3F51047B}.Debug|Any CPU.Build.0 = Debug|Any CPU
		{7CF3951E-6349-4D97-8619-53EB3F51047B}.Release|Any CPU.ActiveCfg = Release|Any CPU
		{7CF3951E-6349-4D97-8619-53EB3F51047B}.Release|Any CPU.Build.0 = Release|Any CPU
		{A6DCC57D-3F61-4833-B828-8AE63A926B22}.Debug|Any CPU.ActiveCfg = Debug|Any CPU
		{A6DCC57D-3F61-4833-B828-8AE63A926B22}.Debug|Any CPU.Build.0 = Debug|Any CPU
		{A6DCC57D-3F61-4833-B828-8AE63A926B22}.Release|Any CPU.ActiveCfg = Release|Any CPU
		{A6DCC57D-3F61-4833-B828-8AE63A926B22}.Release|Any CPU.Build.0 = Release|Any CPU
		{DC2EAA0C-08AB-4826-94BD-06CAB24EC42F}.Debug|Any CPU.ActiveCfg = Debug|Any CPU
		{DC2EAA0C-08AB-4826-94BD-06CAB24EC42F}.Debug|Any CPU.Build.0 = Debug|Any CPU
		{DC2EAA0C-08AB-4826-94BD-06CAB24EC42F}.Release|Any CPU.ActiveCfg = Release|Any CPU
		{DC2EAA0C-08AB-4826-94BD-06CAB24EC42F}.Release|Any CPU.Build.0 = Release|Any CPU
		{8BBBFB28-C130-4043-A6CE-28C3B613D28A}.Debug|Any CPU.ActiveCfg = Debug|Any CPU
		{8BBBFB28-C130-4043-A6CE-28C3B613D28A}.Debug|Any CPU.Build.0 = Debug|Any CPU
		{8BBBFB28-C130-4043-A6CE-28C3B613D28A}.Release|Any CPU.ActiveCfg = Release|Any CPU
		{8BBBFB28-C130-4043-A6CE-28C3B613D28A}.Release|Any CPU.Build.0 = Release|Any CPU
		{C5309A8D-C6C0-438F-BBAC-E6EF4EBC5FC8}.Debug|Any CPU.ActiveCfg = Debug|Any CPU
		{C5309A8D-C6C0-438F-BBAC-E6EF4EBC5FC8}.Debug|Any CPU.Build.0 = Debug|Any CPU
		{C5309A8D-C6C0-438F-BBAC-E6EF4EBC5FC8}.Release|Any CPU.ActiveCfg = Release|Any CPU
		{C5309A8D-C6C0-438F-BBAC-E6EF4EBC5FC8}.Release|Any CPU.Build.0 = Release|Any CPU
		{2BA3AEC2-A3FD-43CD-8023-E321E0F02A6B}.Debug|Any CPU.ActiveCfg = Debug|Any CPU
		{2BA3AEC2-A3FD-43CD-8023-E321E0F02A6B}.Debug|Any CPU.Build.0 = Debug|Any CPU
		{2BA3AEC2-A3FD-43CD-8023-E321E0F02A6B}.Release|Any CPU.ActiveCfg = Release|Any CPU
		{2BA3AEC2-A3FD-43CD-8023-E321E0F02A6B}.Release|Any CPU.Build.0 = Release|Any CPU
		{6804460C-91E5-4B74-8B20-9731D3D5DEE6}.Debug|Any CPU.ActiveCfg = Debug|Any CPU
		{6804460C-91E5-4B74-8B20-9731D3D5DEE6}.Debug|Any CPU.Build.0 = Debug|Any CPU
		{6804460C-91E5-4B74-8B20-9731D3D5DEE6}.Release|Any CPU.ActiveCfg = Release|Any CPU
		{6804460C-91E5-4B74-8B20-9731D3D5DEE6}.Release|Any CPU.Build.0 = Release|Any CPU
		{7F586824-454F-4B3C-B828-95359763AE52}.Debug|Any CPU.ActiveCfg = Debug|Any CPU
		{7F586824-454F-4B3C-B828-95359763AE52}.Debug|Any CPU.Build.0 = Debug|Any CPU
		{7F586824-454F-4B3C-B828-95359763AE52}.Release|Any CPU.ActiveCfg = Release|Any CPU
		{7F586824-454F-4B3C-B828-95359763AE52}.Release|Any CPU.Build.0 = Release|Any CPU
		{EE95E8E4-A1F0-4019-8930-2E19E746D1B0}.Debug|Any CPU.ActiveCfg = Debug|Any CPU
		{EE95E8E4-A1F0-4019-8930-2E19E746D1B0}.Debug|Any CPU.Build.0 = Debug|Any CPU
		{EE95E8E4-A1F0-4019-8930-2E19E746D1B0}.Release|Any CPU.ActiveCfg = Release|Any CPU
		{EE95E8E4-A1F0-4019-8930-2E19E746D1B0}.Release|Any CPU.Build.0 = Release|Any CPU
		{0334444C-C8D5-44CB-BDE9-A300AFCC57D3}.Debug|Any CPU.ActiveCfg = Debug|Any CPU
		{0334444C-C8D5-44CB-BDE9-A300AFCC57D3}.Debug|Any CPU.Build.0 = Debug|Any CPU
		{0334444C-C8D5-44CB-BDE9-A300AFCC57D3}.Release|Any CPU.ActiveCfg = Release|Any CPU
		{0334444C-C8D5-44CB-BDE9-A300AFCC57D3}.Release|Any CPU.Build.0 = Release|Any CPU
		{45101C71-E419-4F92-B3FF-03E09E2EA902}.Debug|Any CPU.ActiveCfg = Debug|Any CPU
		{45101C71-E419-4F92-B3FF-03E09E2EA902}.Debug|Any CPU.Build.0 = Debug|Any CPU
		{45101C71-E419-4F92-B3FF-03E09E2EA902}.Release|Any CPU.ActiveCfg = Release|Any CPU
		{45101C71-E419-4F92-B3FF-03E09E2EA902}.Release|Any CPU.Build.0 = Release|Any CPU
	EndGlobalSection
	GlobalSection(SolutionProperties) = preSolution
		HideSolutionNode = FALSE
	EndGlobalSection
	GlobalSection(NestedProjects) = preSolution
		{1FD47AEC-E55C-4A68-9E93-61A44F1C6A70} = {7830014B-113E-4F63-9E3A-8C759E2F83D6}
		{74A79E74-3B6F-4E22-821A-C8EE5E908767} = {7830014B-113E-4F63-9E3A-8C759E2F83D6}
		{FF4D5C82-6D66-4060-9A82-5C26C99D0657} = {7830014B-113E-4F63-9E3A-8C759E2F83D6}
		{354D01C5-261A-4A25-BC47-6C636CC42AE2} = {7830014B-113E-4F63-9E3A-8C759E2F83D6}
		{78177CB4-7591-40AE-B63C-E7C9B099884C} = {7830014B-113E-4F63-9E3A-8C759E2F83D6}
		{8ABEBAFA-D166-4017-A620-D482A57A1596} = {B1FB9301-D2FC-4639-AD9A-0C1C794E829D}
		{19EE34AC-0D3B-4CD9-9595-49AB380E6FD3} = {B1FB9301-D2FC-4639-AD9A-0C1C794E829D}
		{68917BD3-13E9-4538-8029-04E356651F69} = {B1FB9301-D2FC-4639-AD9A-0C1C794E829D}
		{7CF3951E-6349-4D97-8619-53EB3F51047B} = {B1FB9301-D2FC-4639-AD9A-0C1C794E829D}
		{A6DCC57D-3F61-4833-B828-8AE63A926B22} = {B1FB9301-D2FC-4639-AD9A-0C1C794E829D}
		{DC2EAA0C-08AB-4826-94BD-06CAB24EC42F} = {15DAD244-2C43-4A05-A04B-7AA4A6115B74}
		{8BBBFB28-C130-4043-A6CE-28C3B613D28A} = {15DAD244-2C43-4A05-A04B-7AA4A6115B74}
		{C5309A8D-C6C0-438F-BBAC-E6EF4EBC5FC8} = {15DAD244-2C43-4A05-A04B-7AA4A6115B74}
		{2BA3AEC2-A3FD-43CD-8023-E321E0F02A6B} = {15DAD244-2C43-4A05-A04B-7AA4A6115B74}
		{6804460C-91E5-4B74-8B20-9731D3D5DEE6} = {AC780D23-ECA7-41EB-A4D7-7150F4116C99}
		{7F586824-454F-4B3C-B828-95359763AE52} = {AC780D23-ECA7-41EB-A4D7-7150F4116C99}
		{EE95E8E4-A1F0-4019-8930-2E19E746D1B0} = {AC780D23-ECA7-41EB-A4D7-7150F4116C99}
		{0334444C-C8D5-44CB-BDE9-A300AFCC57D3} = {AC780D23-ECA7-41EB-A4D7-7150F4116C99}
		{45101C71-E419-4F92-B3FF-03E09E2EA902} = {C6EE26A9-4248-4732-B17D-0FFC4723BEA5}
	EndGlobalSection
	GlobalSection(ExtensibilityGlobals) = postSolution
		SolutionGuid = {B9D18376-1BCB-4174-B66D-FDE6250F7D26}
	EndGlobalSection
EndGlobal
